Microsoft Visual Studio Solution File, Format Version 12.00
# Visual Studio Version 17
VisualStudioVersion = 17.10.35027.167
MinimumVisualStudioVersion = 10.0.40219.1
Project("{2150E333-8FDC-42A3-9474-1A3956D46DE8}") = "SAM_Origin", "SAM_Origin", "{4FDEDAD6-FCEC-4426-9A3B-086BF3C99CC0}"
EndProject
Project("{2150E333-8FDC-42A3-9474-1A3956D46DE8}") = "Grasshopper", "Grasshopper", "{B365D5A7-F4F1-4C45-9565-5F6CFC1134A4}"
EndProject
Project("{9A19103F-16F7-4668-BE54-9A1E7A4F7556}") = "SAM.Analytical.Grasshopper.Origin", "Grasshopper\SAM.Analytical.Grasshopper.Origin\SAM.Analytical.Grasshopper.Origin.csproj", "{9F74E2EB-608C-4CEF-BBD2-02BBF4F2E275}"
EndProject
Project("{9A19103F-16F7-4668-BE54-9A1E7A4F7556}") = "SAM.Core.Grasshopper.Origin", "Grasshopper\SAM.Core.Grasshopper.Origin\SAM.Core.Grasshopper.Origin.csproj", "{339ABED5-C5F8-4A1C-BB14-179317DCE9D5}"
EndProject
Project("{9A19103F-16F7-4668-BE54-9A1E7A4F7556}") = "SAM.Analytical.Origin", "SAM_Origin\SAM.Analytical.Origin\SAM.Analytical.Origin.csproj", "{7C9DE4ED-87C6-4AF2-AD3A-25BC8746F9E4}"
EndProject
Project("{9A19103F-16F7-4668-BE54-9A1E7A4F7556}") = "SAM.Core.Origin", "SAM_Origin\SAM.Core.Origin\SAM.Core.Origin.csproj", "{1DD0B9CD-4B87-41E1-9478-DCAE44F79567}"
EndProject
Project("{9A19103F-16F7-4668-BE54-9A1E7A4F7556}") = "SAM.Geometry.Origin", "SAM_Origin\SAM.Geometry.Origin\SAM.Geometry.Origin.csproj", "{BDC82B76-2462-428D-B129-78D2C8212BB9}"
EndProject
Project("{2150E333-8FDC-42A3-9474-1A3956D46DE8}") = "SAM_Core", "SAM_Core", "{19029DC4-C28A-48C2-95B5-2CF99ADF1488}"
EndProject
Project("{9A19103F-16F7-4668-BE54-9A1E7A4F7556}") = "SAM.Core", "..\SAM\SAM\SAM.Core\SAM.Core.csproj", "{ADEAA27C-3CAE-4B9B-81DD-AE452EF9772D}"
EndProject
Project("{9A19103F-16F7-4668-BE54-9A1E7A4F7556}") = "SAM.Analytical", "..\SAM\SAM\SAM.Analytical\SAM.Analytical.csproj", "{C2788DE8-FAF4-4592-9F2D-9A0AB68384E1}"
EndProject
Project("{2150E333-8FDC-42A3-9474-1A3956D46DE8}") = "Origin_Core", "Origin_Core", "{E23FFC76-3E96-4191-B554-3536C1DE8E05}"
EndProject
Project("{FAE04EC0-301F-11D3-BF4B-00C04F79EFBC}") = "Origin.Core", "Origin_Core\Origin.Core\Origin.Core.csproj", "{8087537F-F220-416D-B494-0A0CB1DE5B2F}"
EndProject
Project("{FAE04EC0-301F-11D3-BF4B-00C04F79EFBC}") = "Origin.Auth.Core", "Origin_Core\Auth\Origin.Auth.Core\Origin.Auth.Core.csproj", "{24916422-39C1-4D0D-8BF4-D828FD648058}"
EndProject
Project("{FAE04EC0-301F-11D3-BF4B-00C04F79EFBC}") = "Origin.Data.Core", "Origin_Core\Data\Origin.Data\Origin.Data.Core.csproj", "{4C0CBB5D-FB5B-4745-B46B-73A6F17308D4}"
EndProject
Project("{FAE04EC0-301F-11D3-BF4B-00C04F79EFBC}") = "Origin.Data.Client.net", "Origin_Core\Data\Origin.Data.Client.net\Origin.Data.Client.net.csproj", "{A05C0382-D57B-4D3F-A8FA-CD0DF7D88B84}"
EndProject
Global
	GlobalSection(SolutionConfigurationPlatforms) = preSolution
		Debug|Any CPU = Debug|Any CPU
		Debug|x64 = Debug|x64
		Release|Any CPU = Release|Any CPU
		Release|x64 = Release|x64
	EndGlobalSection
	GlobalSection(ProjectConfigurationPlatforms) = postSolution
		{9F74E2EB-608C-4CEF-BBD2-02BBF4F2E275}.Debug|Any CPU.ActiveCfg = Debug|Any CPU
		{9F74E2EB-608C-4CEF-BBD2-02BBF4F2E275}.Debug|Any CPU.Build.0 = Debug|Any CPU
		{9F74E2EB-608C-4CEF-BBD2-02BBF4F2E275}.Debug|x64.ActiveCfg = Debug|Any CPU
		{9F74E2EB-608C-4CEF-BBD2-02BBF4F2E275}.Debug|x64.Build.0 = Debug|Any CPU
		{9F74E2EB-608C-4CEF-BBD2-02BBF4F2E275}.Release|Any CPU.ActiveCfg = Release|Any CPU
		{9F74E2EB-608C-4CEF-BBD2-02BBF4F2E275}.Release|Any CPU.Build.0 = Release|Any CPU
		{9F74E2EB-608C-4CEF-BBD2-02BBF4F2E275}.Release|x64.ActiveCfg = Release|Any CPU
		{9F74E2EB-608C-4CEF-BBD2-02BBF4F2E275}.Release|x64.Build.0 = Release|Any CPU
		{339ABED5-C5F8-4A1C-BB14-179317DCE9D5}.Debug|Any CPU.ActiveCfg = Debug|Any CPU
		{339ABED5-C5F8-4A1C-BB14-179317DCE9D5}.Debug|Any CPU.Build.0 = Debug|Any CPU
		{339ABED5-C5F8-4A1C-BB14-179317DCE9D5}.Debug|x64.ActiveCfg = Debug|Any CPU
		{339ABED5-C5F8-4A1C-BB14-179317DCE9D5}.Debug|x64.Build.0 = Debug|Any CPU
		{339ABED5-C5F8-4A1C-BB14-179317DCE9D5}.Release|Any CPU.ActiveCfg = Release|Any CPU
		{339ABED5-C5F8-4A1C-BB14-179317DCE9D5}.Release|Any CPU.Build.0 = Release|Any CPU
		{339ABED5-C5F8-4A1C-BB14-179317DCE9D5}.Release|x64.ActiveCfg = Release|Any CPU
		{339ABED5-C5F8-4A1C-BB14-179317DCE9D5}.Release|x64.Build.0 = Release|Any CPU
		{7C9DE4ED-87C6-4AF2-AD3A-25BC8746F9E4}.Debug|Any CPU.ActiveCfg = Debug|Any CPU
		{7C9DE4ED-87C6-4AF2-AD3A-25BC8746F9E4}.Debug|Any CPU.Build.0 = Debug|Any CPU
		{7C9DE4ED-87C6-4AF2-AD3A-25BC8746F9E4}.Debug|x64.ActiveCfg = Debug|Any CPU
		{7C9DE4ED-87C6-4AF2-AD3A-25BC8746F9E4}.Debug|x64.Build.0 = Debug|Any CPU
		{7C9DE4ED-87C6-4AF2-AD3A-25BC8746F9E4}.Release|Any CPU.ActiveCfg = Release|Any CPU
		{7C9DE4ED-87C6-4AF2-AD3A-25BC8746F9E4}.Release|Any CPU.Build.0 = Release|Any CPU
		{7C9DE4ED-87C6-4AF2-AD3A-25BC8746F9E4}.Release|x64.ActiveCfg = Release|Any CPU
		{7C9DE4ED-87C6-4AF2-AD3A-25BC8746F9E4}.Release|x64.Build.0 = Release|Any CPU
		{1DD0B9CD-4B87-41E1-9478-DCAE44F79567}.Debug|Any CPU.ActiveCfg = Debug|Any CPU
		{1DD0B9CD-4B87-41E1-9478-DCAE44F79567}.Debug|Any CPU.Build.0 = Debug|Any CPU
		{1DD0B9CD-4B87-41E1-9478-DCAE44F79567}.Debug|x64.ActiveCfg = Debug|Any CPU
		{1DD0B9CD-4B87-41E1-9478-DCAE44F79567}.Debug|x64.Build.0 = Debug|Any CPU
		{1DD0B9CD-4B87-41E1-9478-DCAE44F79567}.Release|Any CPU.ActiveCfg = Release|Any CPU
		{1DD0B9CD-4B87-41E1-9478-DCAE44F79567}.Release|Any CPU.Build.0 = Release|Any CPU
		{1DD0B9CD-4B87-41E1-9478-DCAE44F79567}.Release|x64.ActiveCfg = Release|Any CPU
		{1DD0B9CD-4B87-41E1-9478-DCAE44F79567}.Release|x64.Build.0 = Release|Any CPU
		{BDC82B76-2462-428D-B129-78D2C8212BB9}.Debug|Any CPU.ActiveCfg = Debug|Any CPU
		{BDC82B76-2462-428D-B129-78D2C8212BB9}.Debug|Any CPU.Build.0 = Debug|Any CPU
		{BDC82B76-2462-428D-B129-78D2C8212BB9}.Debug|x64.ActiveCfg = Debug|Any CPU
		{BDC82B76-2462-428D-B129-78D2C8212BB9}.Debug|x64.Build.0 = Debug|Any CPU
		{BDC82B76-2462-428D-B129-78D2C8212BB9}.Release|Any CPU.ActiveCfg = Release|Any CPU
		{BDC82B76-2462-428D-B129-78D2C8212BB9}.Release|Any CPU.Build.0 = Release|Any CPU
		{BDC82B76-2462-428D-B129-78D2C8212BB9}.Release|x64.ActiveCfg = Release|Any CPU
		{BDC82B76-2462-428D-B129-78D2C8212BB9}.Release|x64.Build.0 = Release|Any CPU
		{ADEAA27C-3CAE-4B9B-81DD-AE452EF9772D}.Debug|Any CPU.ActiveCfg = Debug|Any CPU
		{ADEAA27C-3CAE-4B9B-81DD-AE452EF9772D}.Debug|Any CPU.Build.0 = Debug|Any CPU
		{ADEAA27C-3CAE-4B9B-81DD-AE452EF9772D}.Debug|x64.ActiveCfg = Debug|Any CPU
		{ADEAA27C-3CAE-4B9B-81DD-AE452EF9772D}.Debug|x64.Build.0 = Debug|Any CPU
		{ADEAA27C-3CAE-4B9B-81DD-AE452EF9772D}.Release|Any CPU.ActiveCfg = Release|Any CPU
		{ADEAA27C-3CAE-4B9B-81DD-AE452EF9772D}.Release|Any CPU.Build.0 = Release|Any CPU
		{ADEAA27C-3CAE-4B9B-81DD-AE452EF9772D}.Release|x64.ActiveCfg = Release|Any CPU
		{ADEAA27C-3CAE-4B9B-81DD-AE452EF9772D}.Release|x64.Build.0 = Release|Any CPU
		{C2788DE8-FAF4-4592-9F2D-9A0AB68384E1}.Debug|Any CPU.ActiveCfg = Debug|Any CPU
		{C2788DE8-FAF4-4592-9F2D-9A0AB68384E1}.Debug|Any CPU.Build.0 = Debug|Any CPU
		{C2788DE8-FAF4-4592-9F2D-9A0AB68384E1}.Debug|x64.ActiveCfg = Debug|Any CPU
		{C2788DE8-FAF4-4592-9F2D-9A0AB68384E1}.Debug|x64.Build.0 = Debug|Any CPU
		{C2788DE8-FAF4-4592-9F2D-9A0AB68384E1}.Release|Any CPU.ActiveCfg = Release|Any CPU
		{C2788DE8-FAF4-4592-9F2D-9A0AB68384E1}.Release|Any CPU.Build.0 = Release|Any CPU
		{C2788DE8-FAF4-4592-9F2D-9A0AB68384E1}.Release|x64.ActiveCfg = Release|Any CPU
		{C2788DE8-FAF4-4592-9F2D-9A0AB68384E1}.Release|x64.Build.0 = Release|Any CPU
		{8087537F-F220-416D-B494-0A0CB1DE5B2F}.Debug|Any CPU.ActiveCfg = Debug|x64
		{8087537F-F220-416D-B494-0A0CB1DE5B2F}.Debug|Any CPU.Build.0 = Debug|x64
		{8087537F-F220-416D-B494-0A0CB1DE5B2F}.Debug|x64.ActiveCfg = Debug|x64
		{8087537F-F220-416D-B494-0A0CB1DE5B2F}.Debug|x64.Build.0 = Debug|x64
		{8087537F-F220-416D-B494-0A0CB1DE5B2F}.Release|Any CPU.ActiveCfg = Release|x64
		{8087537F-F220-416D-B494-0A0CB1DE5B2F}.Release|Any CPU.Build.0 = Release|x64
		{8087537F-F220-416D-B494-0A0CB1DE5B2F}.Release|x64.ActiveCfg = Release|x64
		{8087537F-F220-416D-B494-0A0CB1DE5B2F}.Release|x64.Build.0 = Release|x64
		{24916422-39C1-4D0D-8BF4-D828FD648058}.Debug|Any CPU.ActiveCfg = Debug|x64
		{24916422-39C1-4D0D-8BF4-D828FD648058}.Debug|Any CPU.Build.0 = Debug|x64
		{24916422-39C1-4D0D-8BF4-D828FD648058}.Debug|x64.ActiveCfg = Debug|x64
		{24916422-39C1-4D0D-8BF4-D828FD648058}.Debug|x64.Build.0 = Debug|x64
		{24916422-39C1-4D0D-8BF4-D828FD648058}.Release|Any CPU.ActiveCfg = Release|x64
		{24916422-39C1-4D0D-8BF4-D828FD648058}.Release|Any CPU.Build.0 = Release|x64
		{24916422-39C1-4D0D-8BF4-D828FD648058}.Release|x64.ActiveCfg = Release|x64
		{24916422-39C1-4D0D-8BF4-D828FD648058}.Release|x64.Build.0 = Release|x64
		{4C0CBB5D-FB5B-4745-B46B-73A6F17308D4}.Debug|Any CPU.ActiveCfg = Debug|x64
		{4C0CBB5D-FB5B-4745-B46B-73A6F17308D4}.Debug|Any CPU.Build.0 = Debug|x64
		{4C0CBB5D-FB5B-4745-B46B-73A6F17308D4}.Debug|x64.ActiveCfg = Debug|x64
		{4C0CBB5D-FB5B-4745-B46B-73A6F17308D4}.Debug|x64.Build.0 = Debug|x64
		{4C0CBB5D-FB5B-4745-B46B-73A6F17308D4}.Release|Any CPU.ActiveCfg = Release|x64
		{4C0CBB5D-FB5B-4745-B46B-73A6F17308D4}.Release|Any CPU.Build.0 = Release|x64
		{4C0CBB5D-FB5B-4745-B46B-73A6F17308D4}.Release|x64.ActiveCfg = Release|x64
		{4C0CBB5D-FB5B-4745-B46B-73A6F17308D4}.Release|x64.Build.0 = Release|x64
		{A05C0382-D57B-4D3F-A8FA-CD0DF7D88B84}.Debug|Any CPU.ActiveCfg = Debug|x64
		{A05C0382-D57B-4D3F-A8FA-CD0DF7D88B84}.Debug|Any CPU.Build.0 = Debug|x64
		{A05C0382-D57B-4D3F-A8FA-CD0DF7D88B84}.Debug|x64.ActiveCfg = Debug|x64
		{A05C0382-D57B-4D3F-A8FA-CD0DF7D88B84}.Debug|x64.Build.0 = Debug|x64
		{A05C0382-D57B-4D3F-A8FA-CD0DF7D88B84}.Release|Any CPU.ActiveCfg = Release|x64
		{A05C0382-D57B-4D3F-A8FA-CD0DF7D88B84}.Release|Any CPU.Build.0 = Release|x64
		{A05C0382-D57B-4D3F-A8FA-CD0DF7D88B84}.Release|x64.ActiveCfg = Release|x64
		{A05C0382-D57B-4D3F-A8FA-CD0DF7D88B84}.Release|x64.Build.0 = Release|x64
	EndGlobalSection
	GlobalSection(SolutionProperties) = preSolution
		HideSolutionNode = FALSE
	EndGlobalSection
	GlobalSection(NestedProjects) = preSolution
		{9F74E2EB-608C-4CEF-BBD2-02BBF4F2E275} = {B365D5A7-F4F1-4C45-9565-5F6CFC1134A4}
		{339ABED5-C5F8-4A1C-BB14-179317DCE9D5} = {B365D5A7-F4F1-4C45-9565-5F6CFC1134A4}
		{7C9DE4ED-87C6-4AF2-AD3A-25BC8746F9E4} = {4FDEDAD6-FCEC-4426-9A3B-086BF3C99CC0}
		{1DD0B9CD-4B87-41E1-9478-DCAE44F79567} = {4FDEDAD6-FCEC-4426-9A3B-086BF3C99CC0}
		{BDC82B76-2462-428D-B129-78D2C8212BB9} = {4FDEDAD6-FCEC-4426-9A3B-086BF3C99CC0}
		{ADEAA27C-3CAE-4B9B-81DD-AE452EF9772D} = {19029DC4-C28A-48C2-95B5-2CF99ADF1488}
		{C2788DE8-FAF4-4592-9F2D-9A0AB68384E1} = {19029DC4-C28A-48C2-95B5-2CF99ADF1488}
		{8087537F-F220-416D-B494-0A0CB1DE5B2F} = {E23FFC76-3E96-4191-B554-3536C1DE8E05}
		{24916422-39C1-4D0D-8BF4-D828FD648058} = {E23FFC76-3E96-4191-B554-3536C1DE8E05}
		{4C0CBB5D-FB5B-4745-B46B-73A6F17308D4} = {E23FFC76-3E96-4191-B554-3536C1DE8E05}
		{A05C0382-D57B-4D3F-A8FA-CD0DF7D88B84} = {E23FFC76-3E96-4191-B554-3536C1DE8E05}
	EndGlobalSection
	GlobalSection(ExtensibilityGlobals) = postSolution
		SolutionGuid = {4E0308FF-C8D5-4700-951A-859CB9D4FD09}
	EndGlobalSection
EndGlobal
