
Microsoft Visual Studio Solution File, Format Version 12.00
# Visual Studio Version 16
VisualStudioVersion = 16.0.29519.87
MinimumVisualStudioVersion = 10.0.40219.1
Project("{2150E333-8FDC-42A3-9474-1A3956D46DE8}") = "SAM_Origin", "SAM_Origin", "{4FDEDAD6-FCEC-4426-9A3B-086BF3C99CC0}"
EndProject
Project("{2150E333-8FDC-42A3-9474-1A3956D46DE8}") = "Dynamo", "Dynamo", "{A81D37DE-E647-4EF9-84B4-478BFD860184}"
EndProject
Project("{2150E333-8FDC-42A3-9474-1A3956D46DE8}") = "Grasshopper", "Grasshopper", "{B365D5A7-F4F1-4C45-9565-5F6CFC1134A4}"
EndProject
Project("{FAE04EC0-301F-11D3-BF4B-00C04F79EFBC}") = "SAM.Analytical.Grasshopper.Origin", "Grasshopper\SAM.Analytical.Grasshopper.Origin\SAM.Analytical.Grasshopper.Origin.csproj", "{9F74E2EB-608C-4CEF-BBD2-02BBF4F2E275}"
EndProject
Project("{FAE04EC0-301F-11D3-BF4B-00C04F79EFBC}") = "SAM.Core.Grasshopper.Origin", "Grasshopper\SAM.Core.Grasshopper.Origin\SAM.Core.Grasshopper.Origin.csproj", "{339ABED5-C5F8-4A1C-BB14-179317DCE9D5}"
EndProject
Project("{FAE04EC0-301F-11D3-BF4B-00C04F79EFBC}") = "SAM.Analytical.Origin", "SAM_Origin\SAM.Analytical.Origin\SAM.Analytical.Origin.csproj", "{7C9DE4ED-87C6-4AF2-AD3A-25BC8746F9E4}"
EndProject
Project("{FAE04EC0-301F-11D3-BF4B-00C04F79EFBC}") = "SAM.Core.Origin", "SAM_Origin\SAM.Core.Origin\SAM.Core.Origin.csproj", "{1DD0B9CD-4B87-41E1-9478-DCAE44F79567}"
EndProject
Project("{FAE04EC0-301F-11D3-BF4B-00C04F79EFBC}") = "SAM.Geometry.Origin", "SAM_Origin\SAM.Geometry.Origin\SAM.Geometry.Origin.csproj", "{BDC82B76-2462-428D-B129-78D2C8212BB9}"
EndProject
Global
	GlobalSection(SolutionConfigurationPlatforms) = preSolution
		Debug|Any CPU = Debug|Any CPU
		Release|Any CPU = Release|Any CPU
	EndGlobalSection
	GlobalSection(ProjectConfigurationPlatforms) = postSolution
		{9F74E2EB-608C-4CEF-BBD2-02BBF4F2E275}.Debug|Any CPU.ActiveCfg = Debug|Any CPU
		{9F74E2EB-608C-4CEF-BBD2-02BBF4F2E275}.Debug|Any CPU.Build.0 = Debug|Any CPU
		{9F74E2EB-608C-4CEF-BBD2-02BBF4F2E275}.Release|Any CPU.ActiveCfg = Release|Any CPU
		{9F74E2EB-608C-4CEF-BBD2-02BBF4F2E275}.Release|Any CPU.Build.0 = Release|Any CPU
		{339ABED5-C5F8-4A1C-BB14-179317DCE9D5}.Debug|Any CPU.ActiveCfg = Debug|Any CPU
		{339ABED5-C5F8-4A1C-BB14-179317DCE9D5}.Debug|Any CPU.Build.0 = Debug|Any CPU
		{339ABED5-C5F8-4A1C-BB14-179317DCE9D5}.Release|Any CPU.ActiveCfg = Release|Any CPU
		{339ABED5-C5F8-4A1C-BB14-179317DCE9D5}.Release|Any CPU.Build.0 = Release|Any CPU
		{7C9DE4ED-87C6-4AF2-AD3A-25BC8746F9E4}.Debug|Any CPU.ActiveCfg = Debug|Any CPU
		{7C9DE4ED-87C6-4AF2-AD3A-25BC8746F9E4}.Debug|Any CPU.Build.0 = Debug|Any CPU
		{7C9DE4ED-87C6-4AF2-AD3A-25BC8746F9E4}.Release|Any CPU.ActiveCfg = Release|Any CPU
		{7C9DE4ED-87C6-4AF2-AD3A-25BC8746F9E4}.Release|Any CPU.Build.0 = Release|Any CPU
		{1DD0B9CD-4B87-41E1-9478-DCAE44F79567}.Debug|Any CPU.ActiveCfg = Debug|Any CPU
		{1DD0B9CD-4B87-41E1-9478-DCAE44F79567}.Debug|Any CPU.Build.0 = Debug|Any CPU
		{1DD0B9CD-4B87-41E1-9478-DCAE44F79567}.Release|Any CPU.ActiveCfg = Release|Any CPU
		{1DD0B9CD-4B87-41E1-9478-DCAE44F79567}.Release|Any CPU.Build.0 = Release|Any CPU
		{BDC82B76-2462-428D-B129-78D2C8212BB9}.Debug|Any CPU.ActiveCfg = Debug|Any CPU
		{BDC82B76-2462-428D-B129-78D2C8212BB9}.Debug|Any CPU.Build.0 = Debug|Any CPU
		{BDC82B76-2462-428D-B129-78D2C8212BB9}.Release|Any CPU.ActiveCfg = Release|Any CPU
		{BDC82B76-2462-428D-B129-78D2C8212BB9}.Release|Any CPU.Build.0 = Release|Any CPU
	EndGlobalSection
	GlobalSection(SolutionProperties) = preSolution
		HideSolutionNode = FALSE
	EndGlobalSection
	GlobalSection(NestedProjects) = preSolution
		{9F74E2EB-608C-4CEF-BBD2-02BBF4F2E275} = {B365D5A7-F4F1-4C45-9565-5F6CFC1134A4}
		{339ABED5-C5F8-4A1C-BB14-179317DCE9D5} = {B365D5A7-F4F1-4C45-9565-5F6CFC1134A4}
		{7C9DE4ED-87C6-4AF2-AD3A-25BC8746F9E4} = {4FDEDAD6-FCEC-4426-9A3B-086BF3C99CC0}
		{1DD0B9CD-4B87-41E1-9478-DCAE44F79567} = {4FDEDAD6-FCEC-4426-9A3B-086BF3C99CC0}
		{BDC82B76-2462-428D-B129-78D2C8212BB9} = {4FDEDAD6-FCEC-4426-9A3B-086BF3C99CC0}
	EndGlobalSection
	GlobalSection(ExtensibilityGlobals) = postSolution
		SolutionGuid = {4E0308FF-C8D5-4700-951A-859CB9D4FD09}
	EndGlobalSection
EndGlobal
